// !$*UTF8*$!
{
	archiveVersion = 1;
	classes = {
	};
	objectVersion = 56;
	objects = {

/* Begin PBXBuildFile section */
		4133FBEA29856ADA008A9118 /* AppDelegate.swift in Sources */ = {isa = PBXBuildFile; fileRef = 4133FBE929856ADA008A9118 /* AppDelegate.swift */; };
		4133FBEC29856ADA008A9118 /* SceneDelegate.swift in Sources */ = {isa = PBXBuildFile; fileRef = 4133FBEB29856ADA008A9118 /* SceneDelegate.swift */; };
		4133FBEE29856ADA008A9118 /* ViewController.swift in Sources */ = {isa = PBXBuildFile; fileRef = 4133FBED29856ADA008A9118 /* ViewController.swift */; };
		4133FBF129856ADA008A9118 /* Main.storyboard in Resources */ = {isa = PBXBuildFile; fileRef = 4133FBEF29856ADA008A9118 /* Main.storyboard */; };
		4133FBF329856ADB008A9118 /* Assets.xcassets in Resources */ = {isa = PBXBuildFile; fileRef = 4133FBF229856ADB008A9118 /* Assets.xcassets */; };
		4133FBF629856ADB008A9118 /* LaunchScreen.storyboard in Resources */ = {isa = PBXBuildFile; fileRef = 4133FBF429856ADB008A9118 /* LaunchScreen.storyboard */; };
		4133FBFE29857236008A9118 /* GoogleService-Info.plist in Resources */ = {isa = PBXBuildFile; fileRef = 4133FBFD29857236008A9118 /* GoogleService-Info.plist */; };
		4133FC01298572BB008A9118 /* FirebaseAnalytics in Frameworks */ = {isa = PBXBuildFile; productRef = 4133FC00298572BB008A9118 /* FirebaseAnalytics */; };
		4133FC03298572BB008A9118 /* FirebaseAnalyticsOnDeviceConversion in Frameworks */ = {isa = PBXBuildFile; productRef = 4133FC02298572BB008A9118 /* FirebaseAnalyticsOnDeviceConversion */; };
		4133FC05298572BB008A9118 /* FirebaseAnalyticsSwift in Frameworks */ = {isa = PBXBuildFile; productRef = 4133FC04298572BB008A9118 /* FirebaseAnalyticsSwift */; };
		4133FC07298572BB008A9118 /* FirebaseAnalyticsWithoutAdIdSupport in Frameworks */ = {isa = PBXBuildFile; productRef = 4133FC06298572BB008A9118 /* FirebaseAnalyticsWithoutAdIdSupport */; };
		4133FC09298572BB008A9118 /* FirebaseAppCheck in Frameworks */ = {isa = PBXBuildFile; productRef = 4133FC08298572BB008A9118 /* FirebaseAppCheck */; };
		4133FC0B298572BB008A9118 /* FirebaseAppDistribution-Beta in Frameworks */ = {isa = PBXBuildFile; productRef = 4133FC0A298572BB008A9118 /* FirebaseAppDistribution-Beta */; };
		4133FC0D298572BB008A9118 /* FirebaseAuth in Frameworks */ = {isa = PBXBuildFile; productRef = 4133FC0C298572BB008A9118 /* FirebaseAuth */; };
		4133FC0F298572BB008A9118 /* FirebaseAuthCombine-Community in Frameworks */ = {isa = PBXBuildFile; productRef = 4133FC0E298572BB008A9118 /* FirebaseAuthCombine-Community */; };
		4133FC11298572BB008A9118 /* FirebaseCrashlytics in Frameworks */ = {isa = PBXBuildFile; productRef = 4133FC10298572BB008A9118 /* FirebaseCrashlytics */; };
		4133FC13298572BB008A9118 /* FirebaseDatabase in Frameworks */ = {isa = PBXBuildFile; productRef = 4133FC12298572BB008A9118 /* FirebaseDatabase */; };
		4133FC15298572BB008A9118 /* FirebaseDatabaseSwift in Frameworks */ = {isa = PBXBuildFile; productRef = 4133FC14298572BB008A9118 /* FirebaseDatabaseSwift */; };
		4133FC17298572BB008A9118 /* FirebaseDynamicLinks in Frameworks */ = {isa = PBXBuildFile; productRef = 4133FC16298572BB008A9118 /* FirebaseDynamicLinks */; };
		4133FC19298572BB008A9118 /* FirebaseFirestore in Frameworks */ = {isa = PBXBuildFile; productRef = 4133FC18298572BB008A9118 /* FirebaseFirestore */; };
		4133FC1B298572BB008A9118 /* FirebaseFirestoreCombine-Community in Frameworks */ = {isa = PBXBuildFile; productRef = 4133FC1A298572BB008A9118 /* FirebaseFirestoreCombine-Community */; };
		4133FC1D298572BB008A9118 /* FirebaseFirestoreSwift in Frameworks */ = {isa = PBXBuildFile; productRef = 4133FC1C298572BB008A9118 /* FirebaseFirestoreSwift */; };
		4133FC1F298572BB008A9118 /* FirebaseFunctions in Frameworks */ = {isa = PBXBuildFile; productRef = 4133FC1E298572BB008A9118 /* FirebaseFunctions */; };
		4133FC21298572BB008A9118 /* FirebaseFunctionsCombine-Community in Frameworks */ = {isa = PBXBuildFile; productRef = 4133FC20298572BB008A9118 /* FirebaseFunctionsCombine-Community */; };
		4133FC23298572BB008A9118 /* FirebaseInAppMessaging-Beta in Frameworks */ = {isa = PBXBuildFile; productRef = 4133FC22298572BB008A9118 /* FirebaseInAppMessaging-Beta */; };
		4133FC25298572BB008A9118 /* FirebaseInAppMessagingSwift-Beta in Frameworks */ = {isa = PBXBuildFile; productRef = 4133FC24298572BB008A9118 /* FirebaseInAppMessagingSwift-Beta */; };
		4133FC27298572BB008A9118 /* FirebaseInstallations in Frameworks */ = {isa = PBXBuildFile; productRef = 4133FC26298572BB008A9118 /* FirebaseInstallations */; };
		4133FC29298572BB008A9118 /* FirebaseMLModelDownloader in Frameworks */ = {isa = PBXBuildFile; productRef = 4133FC28298572BB008A9118 /* FirebaseMLModelDownloader */; };
		4133FC2B298572BB008A9118 /* FirebaseMessaging in Frameworks */ = {isa = PBXBuildFile; productRef = 4133FC2A298572BB008A9118 /* FirebaseMessaging */; };
		4133FC2D298572BB008A9118 /* FirebasePerformance in Frameworks */ = {isa = PBXBuildFile; productRef = 4133FC2C298572BB008A9118 /* FirebasePerformance */; };
		4133FC2F298572BB008A9118 /* FirebaseRemoteConfig in Frameworks */ = {isa = PBXBuildFile; productRef = 4133FC2E298572BB008A9118 /* FirebaseRemoteConfig */; };
		4133FC31298572BB008A9118 /* FirebaseRemoteConfigSwift in Frameworks */ = {isa = PBXBuildFile; productRef = 4133FC30298572BB008A9118 /* FirebaseRemoteConfigSwift */; };
		4133FC33298572BB008A9118 /* FirebaseStorage in Frameworks */ = {isa = PBXBuildFile; productRef = 4133FC32298572BB008A9118 /* FirebaseStorage */; };
		4133FC35298572BB008A9118 /* FirebaseStorageCombine-Community in Frameworks */ = {isa = PBXBuildFile; productRef = 4133FC34298572BB008A9118 /* FirebaseStorageCombine-Community */; };
		413B1D9729885532008D1954 /* deneme.png in Resources */ = {isa = PBXBuildFile; fileRef = 413B1D9629885532008D1954 /* deneme.png */; };
		414A4B802985A98100E7CC1B /* UploadVC.swift in Sources */ = {isa = PBXBuildFile; fileRef = 414A4B7F2985A98100E7CC1B /* UploadVC.swift */; };
		414A4B822985A9A200E7CC1B /* SettingsVC.swift in Sources */ = {isa = PBXBuildFile; fileRef = 414A4B812985A9A200E7CC1B /* SettingsVC.swift */; };
		414A4B842985A9DF00E7CC1B /* FeedVC.swift in Sources */ = {isa = PBXBuildFile; fileRef = 414A4B832985A9DF00E7CC1B /* FeedVC.swift */; };
		D0FBEB582BCE7EB9F90B4979 /* Pods_InstagramClone.framework in Frameworks */ = {isa = PBXBuildFile; fileRef = F07D683510D1F031B622A39E /* Pods_InstagramClone.framework */; };
/* End PBXBuildFile section */

/* Begin PBXFileReference section */
		010B63B18CAA6FFAFF736371 /* Pods-InstagramClone.debug.xcconfig */ = {isa = PBXFileReference; includeInIndex = 1; lastKnownFileType = text.xcconfig; name = "Pods-InstagramClone.debug.xcconfig"; path = "Target Support Files/Pods-InstagramClone/Pods-InstagramClone.debug.xcconfig"; sourceTree = "<group>"; };
		4133FBE629856ADA008A9118 /* InstagramClone.app */ = {isa = PBXFileReference; explicitFileType = wrapper.application; includeInIndex = 0; path = InstagramClone.app; sourceTree = BUILT_PRODUCTS_DIR; };
		4133FBE929856ADA008A9118 /* AppDelegate.swift */ = {isa = PBXFileReference; lastKnownFileType = sourcecode.swift; path = AppDelegate.swift; sourceTree = "<group>"; };
		4133FBEB29856ADA008A9118 /* SceneDelegate.swift */ = {isa = PBXFileReference; lastKnownFileType = sourcecode.swift; path = SceneDelegate.swift; sourceTree = "<group>"; };
		4133FBED29856ADA008A9118 /* ViewController.swift */ = {isa = PBXFileReference; lastKnownFileType = sourcecode.swift; path = ViewController.swift; sourceTree = "<group>"; };
		4133FBF029856ADA008A9118 /* Base */ = {isa = PBXFileReference; lastKnownFileType = file.storyboard; name = Base; path = Base.lproj/Main.storyboard; sourceTree = "<group>"; };
		4133FBF229856ADB008A9118 /* Assets.xcassets */ = {isa = PBXFileReference; lastKnownFileType = folder.assetcatalog; path = Assets.xcassets; sourceTree = "<group>"; };
		4133FBF529856ADB008A9118 /* Base */ = {isa = PBXFileReference; lastKnownFileType = file.storyboard; name = Base; path = Base.lproj/LaunchScreen.storyboard; sourceTree = "<group>"; };
		4133FBF729856ADB008A9118 /* Info.plist */ = {isa = PBXFileReference; lastKnownFileType = text.plist.xml; path = Info.plist; sourceTree = "<group>"; };
		4133FBFD29857236008A9118 /* GoogleService-Info.plist */ = {isa = PBXFileReference; fileEncoding = 4; lastKnownFileType = text.plist.xml; path = "GoogleService-Info.plist"; sourceTree = "<group>"; };
		413B1D9629885532008D1954 /* deneme.png */ = {isa = PBXFileReference; lastKnownFileType = image.png; path = deneme.png; sourceTree = "<group>"; };
		414A4B7F2985A98100E7CC1B /* UploadVC.swift */ = {isa = PBXFileReference; lastKnownFileType = sourcecode.swift; path = UploadVC.swift; sourceTree = "<group>"; };
		414A4B812985A9A200E7CC1B /* SettingsVC.swift */ = {isa = PBXFileReference; lastKnownFileType = sourcecode.swift; path = SettingsVC.swift; sourceTree = "<group>"; };
		414A4B832985A9DF00E7CC1B /* FeedVC.swift */ = {isa = PBXFileReference; lastKnownFileType = sourcecode.swift; path = FeedVC.swift; sourceTree = "<group>"; };
		E2D82A78A4A8396CF98B4551 /* Pods-InstagramClone.release.xcconfig */ = {isa = PBXFileReference; includeInIndex = 1; lastKnownFileType = text.xcconfig; name = "Pods-InstagramClone.release.xcconfig"; path = "Target Support Files/Pods-InstagramClone/Pods-InstagramClone.release.xcconfig"; sourceTree = "<group>"; };
		F07D683510D1F031B622A39E /* Pods_InstagramClone.framework */ = {isa = PBXFileReference; explicitFileType = wrapper.framework; includeInIndex = 0; path = Pods_InstagramClone.framework; sourceTree = BUILT_PRODUCTS_DIR; };
/* End PBXFileReference section */

/* Begin PBXFrameworksBuildPhase section */
		4133FBE329856ADA008A9118 /* Frameworks */ = {
			isa = PBXFrameworksBuildPhase;
			buildActionMask = 2147483647;
			files = (
				4133FC13298572BB008A9118 /* FirebaseDatabase in Frameworks */,
				4133FC21298572BB008A9118 /* FirebaseFunctionsCombine-Community in Frameworks */,
				4133FC19298572BB008A9118 /* FirebaseFirestore in Frameworks */,
				4133FC05298572BB008A9118 /* FirebaseAnalyticsSwift in Frameworks */,
				4133FC01298572BB008A9118 /* FirebaseAnalytics in Frameworks */,
				4133FC03298572BB008A9118 /* FirebaseAnalyticsOnDeviceConversion in Frameworks */,
				4133FC29298572BB008A9118 /* FirebaseMLModelDownloader in Frameworks */,
				4133FC1D298572BB008A9118 /* FirebaseFirestoreSwift in Frameworks */,
				4133FC09298572BB008A9118 /* FirebaseAppCheck in Frameworks */,
				4133FC07298572BB008A9118 /* FirebaseAnalyticsWithoutAdIdSupport in Frameworks */,
				4133FC0D298572BB008A9118 /* FirebaseAuth in Frameworks */,
				4133FC11298572BB008A9118 /* FirebaseCrashlytics in Frameworks */,
				4133FC31298572BB008A9118 /* FirebaseRemoteConfigSwift in Frameworks */,
				4133FC23298572BB008A9118 /* FirebaseInAppMessaging-Beta in Frameworks */,
				4133FC15298572BB008A9118 /* FirebaseDatabaseSwift in Frameworks */,
				4133FC1F298572BB008A9118 /* FirebaseFunctions in Frameworks */,
				4133FC35298572BB008A9118 /* FirebaseStorageCombine-Community in Frameworks */,
				4133FC2F298572BB008A9118 /* FirebaseRemoteConfig in Frameworks */,
				4133FC0B298572BB008A9118 /* FirebaseAppDistribution-Beta in Frameworks */,
				4133FC0F298572BB008A9118 /* FirebaseAuthCombine-Community in Frameworks */,
				4133FC2D298572BB008A9118 /* FirebasePerformance in Frameworks */,
				4133FC25298572BB008A9118 /* FirebaseInAppMessagingSwift-Beta in Frameworks */,
				4133FC33298572BB008A9118 /* FirebaseStorage in Frameworks */,
				4133FC17298572BB008A9118 /* FirebaseDynamicLinks in Frameworks */,
				4133FC1B298572BB008A9118 /* FirebaseFirestoreCombine-Community in Frameworks */,
				4133FC2B298572BB008A9118 /* FirebaseMessaging in Frameworks */,
				4133FC27298572BB008A9118 /* FirebaseInstallations in Frameworks */,
				D0FBEB582BCE7EB9F90B4979 /* Pods_InstagramClone.framework in Frameworks */,
			);
			runOnlyForDeploymentPostprocessing = 0;
		};
/* End PBXFrameworksBuildPhase section */

/* Begin PBXGroup section */
		4133FBDD29856ADA008A9118 = {
			isa = PBXGroup;
			children = (
				4133FBE829856ADA008A9118 /* InstagramClone */,
				4133FBE729856ADA008A9118 /* Products */,
				E6044C1F09FCCE6C6729D9DD /* Pods */,
				E371D48972BF9FFC7982FBEF /* Frameworks */,
			);
			sourceTree = "<group>";
		};
		4133FBE729856ADA008A9118 /* Products */ = {
			isa = PBXGroup;
			children = (
				4133FBE629856ADA008A9118 /* InstagramClone.app */,
			);
			name = Products;
			sourceTree = "<group>";
		};
		4133FBE829856ADA008A9118 /* InstagramClone */ = {
			isa = PBXGroup;
			children = (
				413B1D9629885532008D1954 /* deneme.png */,
				4133FBE929856ADA008A9118 /* AppDelegate.swift */,
				4133FBEB29856ADA008A9118 /* SceneDelegate.swift */,
				4133FBED29856ADA008A9118 /* ViewController.swift */,
				414A4B832985A9DF00E7CC1B /* FeedVC.swift */,
				414A4B7F2985A98100E7CC1B /* UploadVC.swift */,
				414A4B812985A9A200E7CC1B /* SettingsVC.swift */,
				4133FBEF29856ADA008A9118 /* Main.storyboard */,
				4133FBF229856ADB008A9118 /* Assets.xcassets */,
				4133FBF429856ADB008A9118 /* LaunchScreen.storyboard */,
				4133FBF729856ADB008A9118 /* Info.plist */,
				4133FBFD29857236008A9118 /* GoogleService-Info.plist */,
			);
			path = InstagramClone;
			sourceTree = "<group>";
		};
		E371D48972BF9FFC7982FBEF /* Frameworks */ = {
			isa = PBXGroup;
			children = (
				F07D683510D1F031B622A39E /* Pods_InstagramClone.framework */,
			);
			name = Frameworks;
			sourceTree = "<group>";
		};
		E6044C1F09FCCE6C6729D9DD /* Pods */ = {
			isa = PBXGroup;
			children = (
				010B63B18CAA6FFAFF736371 /* Pods-InstagramClone.debug.xcconfig */,
				E2D82A78A4A8396CF98B4551 /* Pods-InstagramClone.release.xcconfig */,
			);
			path = Pods;
			sourceTree = "<group>";
		};
/* End PBXGroup section */

/* Begin PBXNativeTarget section */
		4133FBE529856ADA008A9118 /* InstagramClone */ = {
			isa = PBXNativeTarget;
			buildConfigurationList = 4133FBFA29856ADB008A9118 /* Build configuration list for PBXNativeTarget "InstagramClone" */;
			buildPhases = (
				E1BB62FBDB76E9D4808787B0 /* [CP] Check Pods Manifest.lock */,
				4133FBE229856ADA008A9118 /* Sources */,
				4133FBE329856ADA008A9118 /* Frameworks */,
				4133FBE429856ADA008A9118 /* Resources */,
				05C67DEAAB5D5B8D4335C140 /* [CP] Embed Pods Frameworks */,
			);
			buildRules = (
			);
			dependencies = (
			);
			name = InstagramClone;
			packageProductDependencies = (
				4133FC00298572BB008A9118 /* FirebaseAnalytics */,
				4133FC02298572BB008A9118 /* FirebaseAnalyticsOnDeviceConversion */,
				4133FC04298572BB008A9118 /* FirebaseAnalyticsSwift */,
				4133FC06298572BB008A9118 /* FirebaseAnalyticsWithoutAdIdSupport */,
				4133FC08298572BB008A9118 /* FirebaseAppCheck */,
				4133FC0A298572BB008A9118 /* FirebaseAppDistribution-Beta */,
				4133FC0C298572BB008A9118 /* FirebaseAuth */,
				4133FC0E298572BB008A9118 /* FirebaseAuthCombine-Community */,
				4133FC10298572BB008A9118 /* FirebaseCrashlytics */,
				4133FC12298572BB008A9118 /* FirebaseDatabase */,
				4133FC14298572BB008A9118 /* FirebaseDatabaseSwift */,
				4133FC16298572BB008A9118 /* FirebaseDynamicLinks */,
				4133FC18298572BB008A9118 /* FirebaseFirestore */,
				4133FC1A298572BB008A9118 /* FirebaseFirestoreCombine-Community */,
				4133FC1C298572BB008A9118 /* FirebaseFirestoreSwift */,
				4133FC1E298572BB008A9118 /* FirebaseFunctions */,
				4133FC20298572BB008A9118 /* FirebaseFunctionsCombine-Community */,
				4133FC22298572BB008A9118 /* FirebaseInAppMessaging-Beta */,
				4133FC24298572BB008A9118 /* FirebaseInAppMessagingSwift-Beta */,
				4133FC26298572BB008A9118 /* FirebaseInstallations */,
				4133FC28298572BB008A9118 /* FirebaseMLModelDownloader */,
				4133FC2A298572BB008A9118 /* FirebaseMessaging */,
				4133FC2C298572BB008A9118 /* FirebasePerformance */,
				4133FC2E298572BB008A9118 /* FirebaseRemoteConfig */,
				4133FC30298572BB008A9118 /* FirebaseRemoteConfigSwift */,
				4133FC32298572BB008A9118 /* FirebaseStorage */,
				4133FC34298572BB008A9118 /* FirebaseStorageCombine-Community */,
			);
			productName = InstagramClone;
			productReference = 4133FBE629856ADA008A9118 /* InstagramClone.app */;
			productType = "com.apple.product-type.application";
		};
/* End PBXNativeTarget section */

/* Begin PBXProject section */
		4133FBDE29856ADA008A9118 /* Project object */ = {
			isa = PBXProject;
			attributes = {
				BuildIndependentTargetsInParallel = 1;
				LastSwiftUpdateCheck = 1420;
				LastUpgradeCheck = 1420;
				TargetAttributes = {
					4133FBE529856ADA008A9118 = {
						CreatedOnToolsVersion = 14.2;
					};
				};
			};
			buildConfigurationList = 4133FBE129856ADA008A9118 /* Build configuration list for PBXProject "InstagramClone" */;
			compatibilityVersion = "Xcode 14.0";
			developmentRegion = en;
			hasScannedForEncodings = 0;
			knownRegions = (
				en,
				Base,
			);
			mainGroup = 4133FBDD29856ADA008A9118;
			packageReferences = (
				4133FBFF298572BB008A9118 /* XCRemoteSwiftPackageReference "firebase-ios-sdk" */,
			);
			productRefGroup = 4133FBE729856ADA008A9118 /* Products */;
			projectDirPath = "";
			projectRoot = "";
			targets = (
				4133FBE529856ADA008A9118 /* InstagramClone */,
			);
		};
/* End PBXProject section */

/* Begin PBXResourcesBuildPhase section */
		4133FBE429856ADA008A9118 /* Resources */ = {
			isa = PBXResourcesBuildPhase;
			buildActionMask = 2147483647;
			files = (
				4133FBF629856ADB008A9118 /* LaunchScreen.storyboard in Resources */,
				4133FBFE29857236008A9118 /* GoogleService-Info.plist in Resources */,
				4133FBF329856ADB008A9118 /* Assets.xcassets in Resources */,
				413B1D9729885532008D1954 /* deneme.png in Resources */,
				4133FBF129856ADA008A9118 /* Main.storyboard in Resources */,
			);
			runOnlyForDeploymentPostprocessing = 0;
		};
/* End PBXResourcesBuildPhase section */

/* Begin PBXShellScriptBuildPhase section */
		05C67DEAAB5D5B8D4335C140 /* [CP] Embed Pods Frameworks */ = {
			isa = PBXShellScriptBuildPhase;
			buildActionMask = 2147483647;
			files = (
			);
			inputFileListPaths = (
				"${PODS_ROOT}/Target Support Files/Pods-InstagramClone/Pods-InstagramClone-frameworks-${CONFIGURATION}-input-files.xcfilelist",
			);
			name = "[CP] Embed Pods Frameworks";
			outputFileListPaths = (
				"${PODS_ROOT}/Target Support Files/Pods-InstagramClone/Pods-InstagramClone-frameworks-${CONFIGURATION}-output-files.xcfilelist",
			);
			runOnlyForDeploymentPostprocessing = 0;
			shellPath = /bin/sh;
			shellScript = "\"${PODS_ROOT}/Target Support Files/Pods-InstagramClone/Pods-InstagramClone-frameworks.sh\"\n";
			showEnvVarsInLog = 0;
		};
		E1BB62FBDB76E9D4808787B0 /* [CP] Check Pods Manifest.lock */ = {
			isa = PBXShellScriptBuildPhase;
			buildActionMask = 2147483647;
			files = (
			);
			inputFileListPaths = (
			);
			inputPaths = (
				"${PODS_PODFILE_DIR_PATH}/Podfile.lock",
				"${PODS_ROOT}/Manifest.lock",
			);
			name = "[CP] Check Pods Manifest.lock";
			outputFileListPaths = (
			);
			outputPaths = (
				"$(DERIVED_FILE_DIR)/Pods-InstagramClone-checkManifestLockResult.txt",
			);
			runOnlyForDeploymentPostprocessing = 0;
			shellPath = /bin/sh;
			shellScript = "diff \"${PODS_PODFILE_DIR_PATH}/Podfile.lock\" \"${PODS_ROOT}/Manifest.lock\" > /dev/null\nif [ $? != 0 ] ; then\n    # print error to STDERR\n    echo \"error: The sandbox is not in sync with the Podfile.lock. Run 'pod install' or update your CocoaPods installation.\" >&2\n    exit 1\nfi\n# This output is used by Xcode 'outputs' to avoid re-running this script phase.\necho \"SUCCESS\" > \"${SCRIPT_OUTPUT_FILE_0}\"\n";
			showEnvVarsInLog = 0;
		};
/* End PBXShellScriptBuildPhase section */

/* Begin PBXSourcesBuildPhase section */
		4133FBE229856ADA008A9118 /* Sources */ = {
			isa = PBXSourcesBuildPhase;
			buildActionMask = 2147483647;
			files = (
				414A4B842985A9DF00E7CC1B /* FeedVC.swift in Sources */,
				4133FBEE29856ADA008A9118 /* ViewController.swift in Sources */,
				4133FBEA29856ADA008A9118 /* AppDelegate.swift in Sources */,
				414A4B802985A98100E7CC1B /* UploadVC.swift in Sources */,
				4133FBEC29856ADA008A9118 /* SceneDelegate.swift in Sources */,
				414A4B822985A9A200E7CC1B /* SettingsVC.swift in Sources */,
			);
			runOnlyForDeploymentPostprocessing = 0;
		};
/* End PBXSourcesBuildPhase section */

/* Begin PBXVariantGroup section */
		4133FBEF29856ADA008A9118 /* Main.storyboard */ = {
			isa = PBXVariantGroup;
			children = (
				4133FBF029856ADA008A9118 /* Base */,
			);
			name = Main.storyboard;
			sourceTree = "<group>";
		};
		4133FBF429856ADB008A9118 /* LaunchScreen.storyboard */ = {
			isa = PBXVariantGroup;
			children = (
				4133FBF529856ADB008A9118 /* Base */,
			);
			name = LaunchScreen.storyboard;
			sourceTree = "<group>";
		};
/* End PBXVariantGroup section */

/* Begin XCBuildConfiguration section */
		4133FBF829856ADB008A9118 /* Debug */ = {
			isa = XCBuildConfiguration;
			buildSettings = {
				ALWAYS_SEARCH_USER_PATHS = NO;
				CLANG_ANALYZER_NONNULL = YES;
				CLANG_ANALYZER_NUMBER_OBJECT_CONVERSION = YES_AGGRESSIVE;
				CLANG_CXX_LANGUAGE_STANDARD = "gnu++20";
				CLANG_ENABLE_MODULES = YES;
				CLANG_ENABLE_OBJC_ARC = YES;
				CLANG_ENABLE_OBJC_WEAK = YES;
				CLANG_WARN_BLOCK_CAPTURE_AUTORELEASING = YES;
				CLANG_WARN_BOOL_CONVERSION = YES;
				CLANG_WARN_COMMA = YES;
				CLANG_WARN_CONSTANT_CONVERSION = YES;
				CLANG_WARN_DEPRECATED_OBJC_IMPLEMENTATIONS = YES;
				CLANG_WARN_DIRECT_OBJC_ISA_USAGE = YES_ERROR;
				CLANG_WARN_DOCUMENTATION_COMMENTS = YES;
				CLANG_WARN_EMPTY_BODY = YES;
				CLANG_WARN_ENUM_CONVERSION = YES;
				CLANG_WARN_INFINITE_RECURSION = YES;
				CLANG_WARN_INT_CONVERSION = YES;
				CLANG_WARN_NON_LITERAL_NULL_CONVERSION = YES;
				CLANG_WARN_OBJC_IMPLICIT_RETAIN_SELF = YES;
				CLANG_WARN_OBJC_LITERAL_CONVERSION = YES;
				CLANG_WARN_OBJC_ROOT_CLASS = YES_ERROR;
				CLANG_WARN_QUOTED_INCLUDE_IN_FRAMEWORK_HEADER = YES;
				CLANG_WARN_RANGE_LOOP_ANALYSIS = YES;
				CLANG_WARN_STRICT_PROTOTYPES = YES;
				CLANG_WARN_SUSPICIOUS_MOVE = YES;
				CLANG_WARN_UNGUARDED_AVAILABILITY = YES_AGGRESSIVE;
				CLANG_WARN_UNREACHABLE_CODE = YES;
				CLANG_WARN__DUPLICATE_METHOD_MATCH = YES;
				COPY_PHASE_STRIP = NO;
				DEBUG_INFORMATION_FORMAT = dwarf;
				ENABLE_STRICT_OBJC_MSGSEND = YES;
				ENABLE_TESTABILITY = YES;
				GCC_C_LANGUAGE_STANDARD = gnu11;
				GCC_DYNAMIC_NO_PIC = NO;
				GCC_NO_COMMON_BLOCKS = YES;
				GCC_OPTIMIZATION_LEVEL = 0;
				GCC_PREPROCESSOR_DEFINITIONS = (
					"DEBUG=1",
					"$(inherited)",
				);
				GCC_WARN_64_TO_32_BIT_CONVERSION = YES;
				GCC_WARN_ABOUT_RETURN_TYPE = YES_ERROR;
				GCC_WARN_UNDECLARED_SELECTOR = YES;
				GCC_WARN_UNINITIALIZED_AUTOS = YES_AGGRESSIVE;
				GCC_WARN_UNUSED_FUNCTION = YES;
				GCC_WARN_UNUSED_VARIABLE = YES;
				IPHONEOS_DEPLOYMENT_TARGET = 16.2;
				MTL_ENABLE_DEBUG_INFO = INCLUDE_SOURCE;
				MTL_FAST_MATH = YES;
				ONLY_ACTIVE_ARCH = YES;
				SDKROOT = iphoneos;
				SWIFT_ACTIVE_COMPILATION_CONDITIONS = DEBUG;
				SWIFT_OPTIMIZATION_LEVEL = "-Onone";
			};
			name = Debug;
		};
		4133FBF929856ADB008A9118 /* Release */ = {
			isa = XCBuildConfiguration;
			buildSettings = {
				ALWAYS_SEARCH_USER_PATHS = NO;
				CLANG_ANALYZER_NONNULL = YES;
				CLANG_ANALYZER_NUMBER_OBJECT_CONVERSION = YES_AGGRESSIVE;
				CLANG_CXX_LANGUAGE_STANDARD = "gnu++20";
				CLANG_ENABLE_MODULES = YES;
				CLANG_ENABLE_OBJC_ARC = YES;
				CLANG_ENABLE_OBJC_WEAK = YES;
				CLANG_WARN_BLOCK_CAPTURE_AUTORELEASING = YES;
				CLANG_WARN_BOOL_CONVERSION = YES;
				CLANG_WARN_COMMA = YES;
				CLANG_WARN_CONSTANT_CONVERSION = YES;
				CLANG_WARN_DEPRECATED_OBJC_IMPLEMENTATIONS = YES;
				CLANG_WARN_DIRECT_OBJC_ISA_USAGE = YES_ERROR;
				CLANG_WARN_DOCUMENTATION_COMMENTS = YES;
				CLANG_WARN_EMPTY_BODY = YES;
				CLANG_WARN_ENUM_CONVERSION = YES;
				CLANG_WARN_INFINITE_RECURSION = YES;
				CLANG_WARN_INT_CONVERSION = YES;
				CLANG_WARN_NON_LITERAL_NULL_CONVERSION = YES;
				CLANG_WARN_OBJC_IMPLICIT_RETAIN_SELF = YES;
				CLANG_WARN_OBJC_LITERAL_CONVERSION = YES;
				CLANG_WARN_OBJC_ROOT_CLASS = YES_ERROR;
				CLANG_WARN_QUOTED_INCLUDE_IN_FRAMEWORK_HEADER = YES;
				CLANG_WARN_RANGE_LOOP_ANALYSIS = YES;
				CLANG_WARN_STRICT_PROTOTYPES = YES;
				CLANG_WARN_SUSPICIOUS_MOVE = YES;
				CLANG_WARN_UNGUARDED_AVAILABILITY = YES_AGGRESSIVE;
				CLANG_WARN_UNREACHABLE_CODE = YES;
				CLANG_WARN__DUPLICATE_METHOD_MATCH = YES;
				COPY_PHASE_STRIP = NO;
				DEBUG_INFORMATION_FORMAT = "dwarf-with-dsym";
				ENABLE_NS_ASSERTIONS = NO;
				ENABLE_STRICT_OBJC_MSGSEND = YES;
				GCC_C_LANGUAGE_STANDARD = gnu11;
				GCC_NO_COMMON_BLOCKS = YES;
				GCC_WARN_64_TO_32_BIT_CONVERSION = YES;
				GCC_WARN_ABOUT_RETURN_TYPE = YES_ERROR;
				GCC_WARN_UNDECLARED_SELECTOR = YES;
				GCC_WARN_UNINITIALIZED_AUTOS = YES_AGGRESSIVE;
				GCC_WARN_UNUSED_FUNCTION = YES;
				GCC_WARN_UNUSED_VARIABLE = YES;
				IPHONEOS_DEPLOYMENT_TARGET = 16.2;
				MTL_ENABLE_DEBUG_INFO = NO;
				MTL_FAST_MATH = YES;
				SDKROOT = iphoneos;
				SWIFT_COMPILATION_MODE = wholemodule;
				SWIFT_OPTIMIZATION_LEVEL = "-O";
				VALIDATE_PRODUCT = YES;
			};
			name = Release;
		};
		4133FBFB29856ADB008A9118 /* Debug */ = {
			isa = XCBuildConfiguration;
			baseConfigurationReference = 010B63B18CAA6FFAFF736371 /* Pods-InstagramClone.debug.xcconfig */;
			buildSettings = {
				ASSETCATALOG_COMPILER_APPICON_NAME = AppIcon;
				ASSETCATALOG_COMPILER_GLOBAL_ACCENT_COLOR_NAME = AccentColor;
				CODE_SIGN_STYLE = Automatic;
				CURRENT_PROJECT_VERSION = 1;
				DEVELOPMENT_TEAM = 7TF3YYQH8J;
				GENERATE_INFOPLIST_FILE = YES;
				INFOPLIST_FILE = InstagramClone/Info.plist;
				INFOPLIST_KEY_UIApplicationSupportsIndirectInputEvents = YES;
				INFOPLIST_KEY_UILaunchStoryboardName = LaunchScreen;
				INFOPLIST_KEY_UIMainStoryboardFile = Main;
				INFOPLIST_KEY_UISupportedInterfaceOrientations_iPad = "UIInterfaceOrientationPortrait UIInterfaceOrientationPortraitUpsideDown UIInterfaceOrientationLandscapeLeft UIInterfaceOrientationLandscapeRight";
				INFOPLIST_KEY_UISupportedInterfaceOrientations_iPhone = "UIInterfaceOrientationPortrait UIInterfaceOrientationLandscapeLeft UIInterfaceOrientationLandscapeRight";
				LD_RUNPATH_SEARCH_PATHS = (
					"$(inherited)",
					"@executable_path/Frameworks",
				);
				MARKETING_VERSION = 1.0;
				PRODUCT_BUNDLE_IDENTIFIER = com.hanedar.InstagramClone;
				PRODUCT_NAME = "$(TARGET_NAME)";
				SWIFT_EMIT_LOC_STRINGS = YES;
				SWIFT_VERSION = 5.0;
				TARGETED_DEVICE_FAMILY = "1,2";
			};
			name = Debug;
		};
		4133FBFC29856ADB008A9118 /* Release */ = {
			isa = XCBuildConfiguration;
			baseConfigurationReference = E2D82A78A4A8396CF98B4551 /* Pods-InstagramClone.release.xcconfig */;
			buildSettings = {
				ASSETCATALOG_COMPILER_APPICON_NAME = AppIcon;
				ASSETCATALOG_COMPILER_GLOBAL_ACCENT_COLOR_NAME = AccentColor;
				CODE_SIGN_STYLE = Automatic;
				CURRENT_PROJECT_VERSION = 1;
				DEVELOPMENT_TEAM = 7TF3YYQH8J;
				GENERATE_INFOPLIST_FILE = YES;
				INFOPLIST_FILE = InstagramClone/Info.plist;
				INFOPLIST_KEY_UIApplicationSupportsIndirectInputEvents = YES;
				INFOPLIST_KEY_UILaunchStoryboardName = LaunchScreen;
				INFOPLIST_KEY_UIMainStoryboardFile = Main;
				INFOPLIST_KEY_UISupportedInterfaceOrientations_iPad = "UIInterfaceOrientationPortrait UIInterfaceOrientationPortraitUpsideDown UIInterfaceOrientationLandscapeLeft UIInterfaceOrientationLandscapeRight";
				INFOPLIST_KEY_UISupportedInterfaceOrientations_iPhone = "UIInterfaceOrientationPortrait UIInterfaceOrientationLandscapeLeft UIInterfaceOrientationLandscapeRight";
				LD_RUNPATH_SEARCH_PATHS = (
					"$(inherited)",
					"@executable_path/Frameworks",
				);
				MARKETING_VERSION = 1.0;
				PRODUCT_BUNDLE_IDENTIFIER = com.hanedar.InstagramClone;
				PRODUCT_NAME = "$(TARGET_NAME)";
				SWIFT_EMIT_LOC_STRINGS = YES;
				SWIFT_VERSION = 5.0;
				TARGETED_DEVICE_FAMILY = "1,2";
			};
			name = Release;
		};
/* End XCBuildConfiguration section */

/* Begin XCConfigurationList section */
		4133FBE129856ADA008A9118 /* Build configuration list for PBXProject "InstagramClone" */ = {
			isa = XCConfigurationList;
			buildConfigurations = (
				4133FBF829856ADB008A9118 /* Debug */,
				4133FBF929856ADB008A9118 /* Release */,
			);
			defaultConfigurationIsVisible = 0;
			defaultConfigurationName = Release;
		};
		4133FBFA29856ADB008A9118 /* Build configuration list for PBXNativeTarget "InstagramClone" */ = {
			isa = XCConfigurationList;
			buildConfigurations = (
				4133FBFB29856ADB008A9118 /* Debug */,
				4133FBFC29856ADB008A9118 /* Release */,
			);
			defaultConfigurationIsVisible = 0;
			defaultConfigurationName = Release;
		};
/* End XCConfigurationList section */

/* Begin XCRemoteSwiftPackageReference section */
		4133FBFF298572BB008A9118 /* XCRemoteSwiftPackageReference "firebase-ios-sdk" */ = {
			isa = XCRemoteSwiftPackageReference;
			repositoryURL = "https://github.com/firebase/firebase-ios-sdk";
			requirement = {
				branch = master;
				kind = branch;
			};
		};
/* End XCRemoteSwiftPackageReference section */

/* Begin XCSwiftPackageProductDependency section */
		4133FC00298572BB008A9118 /* FirebaseAnalytics */ = {
			isa = XCSwiftPackageProductDependency;
			package = 4133FBFF298572BB008A9118 /* XCRemoteSwiftPackageReference "firebase-ios-sdk" */;
			productName = FirebaseAnalytics;
		};
		4133FC02298572BB008A9118 /* FirebaseAnalyticsOnDeviceConversion */ = {
			isa = XCSwiftPackageProductDependency;
			package = 4133FBFF298572BB008A9118 /* XCRemoteSwiftPackageReference "firebase-ios-sdk" */;
			productName = FirebaseAnalyticsOnDeviceConversion;
		};
		4133FC04298572BB008A9118 /* FirebaseAnalyticsSwift */ = {
			isa = XCSwiftPackageProductDependency;
			package = 4133FBFF298572BB008A9118 /* XCRemoteSwiftPackageReference "firebase-ios-sdk" */;
			productName = FirebaseAnalyticsSwift;
		};
		4133FC06298572BB008A9118 /* FirebaseAnalyticsWithoutAdIdSupport */ = {
			isa = XCSwiftPackageProductDependency;
			package = 4133FBFF298572BB008A9118 /* XCRemoteSwiftPackageReference "firebase-ios-sdk" */;
			productName = FirebaseAnalyticsWithoutAdIdSupport;
		};
		4133FC08298572BB008A9118 /* FirebaseAppCheck */ = {
			isa = XCSwiftPackageProductDependency;
			package = 4133FBFF298572BB008A9118 /* XCRemoteSwiftPackageReference "firebase-ios-sdk" */;
			productName = FirebaseAppCheck;
		};
		4133FC0A298572BB008A9118 /* FirebaseAppDistribution-Beta */ = {
			isa = XCSwiftPackageProductDependency;
			package = 4133FBFF298572BB008A9118 /* XCRemoteSwiftPackageReference "firebase-ios-sdk" */;
			productName = "FirebaseAppDistribution-Beta";
		};
		4133FC0C298572BB008A9118 /* FirebaseAuth */ = {
			isa = XCSwiftPackageProductDependency;
			package = 4133FBFF298572BB008A9118 /* XCRemoteSwiftPackageReference "firebase-ios-sdk" */;
			productName = FirebaseAuth;
		};
		4133FC0E298572BB008A9118 /* FirebaseAuthCombine-Community */ = {
			isa = XCSwiftPackageProductDependency;
			package = 4133FBFF298572BB008A9118 /* XCRemoteSwiftPackageReference "firebase-ios-sdk" */;
			productName = "FirebaseAuthCombine-Community";
		};
		4133FC10298572BB008A9118 /* FirebaseCrashlytics */ = {
			isa = XCSwiftPackageProductDependency;
			package = 4133FBFF298572BB008A9118 /* XCRemoteSwiftPackageReference "firebase-ios-sdk" */;
			productName = FirebaseCrashlytics;
		};
		4133FC12298572BB008A9118 /* FirebaseDatabase */ = {
			isa = XCSwiftPackageProductDependency;
			package = 4133FBFF298572BB008A9118 /* XCRemoteSwiftPackageReference "firebase-ios-sdk" */;
			productName = FirebaseDatabase;
		};
		4133FC14298572BB008A9118 /* FirebaseDatabaseSwift */ = {
			isa = XCSwiftPackageProductDependency;
			package = 4133FBFF298572BB008A9118 /* XCRemoteSwiftPackageReference "firebase-ios-sdk" */;
			productName = FirebaseDatabaseSwift;
		};
		4133FC16298572BB008A9118 /* FirebaseDynamicLinks */ = {
			isa = XCSwiftPackageProductDependency;
			package = 4133FBFF298572BB008A9118 /* XCRemoteSwiftPackageReference "firebase-ios-sdk" */;
			productName = FirebaseDynamicLinks;
		};
		4133FC18298572BB008A9118 /* FirebaseFirestore */ = {
			isa = XCSwiftPackageProductDependency;
			package = 4133FBFF298572BB008A9118 /* XCRemoteSwiftPackageReference "firebase-ios-sdk" */;
			productName = FirebaseFirestore;
		};
		4133FC1A298572BB008A9118 /* FirebaseFirestoreCombine-Community */ = {
			isa = XCSwiftPackageProductDependency;
			package = 4133FBFF298572BB008A9118 /* XCRemoteSwiftPackageReference "firebase-ios-sdk" */;
			productName = "FirebaseFirestoreCombine-Community";
		};
		4133FC1C298572BB008A9118 /* FirebaseFirestoreSwift */ = {
			isa = XCSwiftPackageProductDependency;
			package = 4133FBFF298572BB008A9118 /* XCRemoteSwiftPackageReference "firebase-ios-sdk" */;
			productName = FirebaseFirestoreSwift;
		};
		4133FC1E298572BB008A9118 /* FirebaseFunctions */ = {
			isa = XCSwiftPackageProductDependency;
			package = 4133FBFF298572BB008A9118 /* XCRemoteSwiftPackageReference "firebase-ios-sdk" */;
			productName = FirebaseFunctions;
		};
		4133FC20298572BB008A9118 /* FirebaseFunctionsCombine-Community */ = {
			isa = XCSwiftPackageProductDependency;
			package = 4133FBFF298572BB008A9118 /* XCRemoteSwiftPackageReference "firebase-ios-sdk" */;
			productName = "FirebaseFunctionsCombine-Community";
		};
		4133FC22298572BB008A9118 /* FirebaseInAppMessaging-Beta */ = {
			isa = XCSwiftPackageProductDependency;
			package = 4133FBFF298572BB008A9118 /* XCRemoteSwiftPackageReference "firebase-ios-sdk" */;
			productName = "FirebaseInAppMessaging-Beta";
		};
		4133FC24298572BB008A9118 /* FirebaseInAppMessagingSwift-Beta */ = {
			isa = XCSwiftPackageProductDependency;
			package = 4133FBFF298572BB008A9118 /* XCRemoteSwiftPackageReference "firebase-ios-sdk" */;
			productName = "FirebaseInAppMessagingSwift-Beta";
		};
		4133FC26298572BB008A9118 /* FirebaseInstallations */ = {
			isa = XCSwiftPackageProductDependency;
			package = 4133FBFF298572BB008A9118 /* XCRemoteSwiftPackageReference "firebase-ios-sdk" */;
			productName = FirebaseInstallations;
		};
		4133FC28298572BB008A9118 /* FirebaseMLModelDownloader */ = {
			isa = XCSwiftPackageProductDependency;
			package = 4133FBFF298572BB008A9118 /* XCRemoteSwiftPackageReference "firebase-ios-sdk" */;
			productName = FirebaseMLModelDownloader;
		};
		4133FC2A298572BB008A9118 /* FirebaseMessaging */ = {
			isa = XCSwiftPackageProductDependency;
			package = 4133FBFF298572BB008A9118 /* XCRemoteSwiftPackageReference "firebase-ios-sdk" */;
			productName = FirebaseMessaging;
		};
		4133FC2C298572BB008A9118 /* FirebasePerformance */ = {
			isa = XCSwiftPackageProductDependency;
			package = 4133FBFF298572BB008A9118 /* XCRemoteSwiftPackageReference "firebase-ios-sdk" */;
			productName = FirebasePerformance;
		};
		4133FC2E298572BB008A9118 /* FirebaseRemoteConfig */ = {
			isa = XCSwiftPackageProductDependency;
			package = 4133FBFF298572BB008A9118 /* XCRemoteSwiftPackageReference "firebase-ios-sdk" */;
			productName = FirebaseRemoteConfig;
		};
		4133FC30298572BB008A9118 /* FirebaseRemoteConfigSwift */ = {
			isa = XCSwiftPackageProductDependency;
			package = 4133FBFF298572BB008A9118 /* XCRemoteSwiftPackageReference "firebase-ios-sdk" */;
			productName = FirebaseRemoteConfigSwift;
		};
		4133FC32298572BB008A9118 /* FirebaseStorage */ = {
			isa = XCSwiftPackageProductDependency;
			package = 4133FBFF298572BB008A9118 /* XCRemoteSwiftPackageReference "firebase-ios-sdk" */;
			productName = FirebaseStorage;
		};
		4133FC34298572BB008A9118 /* FirebaseStorageCombine-Community */ = {
			isa = XCSwiftPackageProductDependency;
			package = 4133FBFF298572BB008A9118 /* XCRemoteSwiftPackageReference "firebase-ios-sdk" */;
			productName = "FirebaseStorageCombine-Community";
		};
/* End XCSwiftPackageProductDependency section */
	};
	rootObject = 4133FBDE29856ADA008A9118 /* Project object */;
}
